
Microsoft Visual Studio Solution File, Format Version 12.00
# Visual Studio 2013
VisualStudioVersion = 12.0.21005.1
MinimumVisualStudioVersion = 10.0.40219.1
Project("{FAE04EC0-301F-11D3-BF4B-00C04F79EFBC}") = "NumberChoosing", "NumberChoosing\NumberChoosing.csproj", "{88F13A31-B1A8-455A-92A1-75ED94E24D3B}"
EndProject
Project("{FAE04EC0-301F-11D3-BF4B-00C04F79EFBC}") = "NumberChoosing.Tests", "NumberChoosing.Tests\NumberChoosing.Tests.csproj", "{4F74EEDD-99E3-47A8-8370-2343BCD44B22}"
EndProject
Project("{FAE04EC0-301F-11D3-BF4B-00C04F79EFBC}") = "NumberChoosing.DAL", "NumberChoosing.DAL\NumberChoosing.DAL.csproj", "{9C2ADF46-BB5E-4DEE-96AA-4C54E4AF80F6}"
EndProject
Project("{FAE04EC0-301F-11D3-BF4B-00C04F79EFBC}") = "NumberChoosing.Entities", "NumberChoosing.Entities\NumberChoosing.Entities.csproj", "{BED91016-BE61-4E5F-9892-4D16F64F33C2}"
EndProject
Project("{FAE04EC0-301F-11D3-BF4B-00C04F79EFBC}") = "NumberChoosing.BL", "NumberChoosing.BL\NumberChoosing.BL.csproj", "{3B6E289F-3A70-4476-8A96-90D6356E364D}"
EndProject
Project("{FAE04EC0-301F-11D3-BF4B-00C04F79EFBC}") = "NumberChoosing.BL.Test", "NumberChoosing.BL.Test\NumberChoosing.BL.Test.csproj", "{A30BD812-CA75-4720-80F6-E9BC6AFF573D}"
EndProject
Global
	GlobalSection(SolutionConfigurationPlatforms) = preSolution
		Debug|Any CPU = Debug|Any CPU
		Release|Any CPU = Release|Any CPU
	EndGlobalSection
	GlobalSection(ProjectConfigurationPlatforms) = postSolution
		{88F13A31-B1A8-455A-92A1-75ED94E24D3B}.Debug|Any CPU.ActiveCfg = Debug|Any CPU
		{88F13A31-B1A8-455A-92A1-75ED94E24D3B}.Debug|Any CPU.Build.0 = Debug|Any CPU
		{88F13A31-B1A8-455A-92A1-75ED94E24D3B}.Release|Any CPU.ActiveCfg = Release|Any CPU
		{88F13A31-B1A8-455A-92A1-75ED94E24D3B}.Release|Any CPU.Build.0 = Release|Any CPU
		{4F74EEDD-99E3-47A8-8370-2343BCD44B22}.Debug|Any CPU.ActiveCfg = Debug|Any CPU
		{4F74EEDD-99E3-47A8-8370-2343BCD44B22}.Debug|Any CPU.Build.0 = Debug|Any CPU
		{4F74EEDD-99E3-47A8-8370-2343BCD44B22}.Release|Any CPU.ActiveCfg = Release|Any CPU
		{4F74EEDD-99E3-47A8-8370-2343BCD44B22}.Release|Any CPU.Build.0 = Release|Any CPU
		{9C2ADF46-BB5E-4DEE-96AA-4C54E4AF80F6}.Debug|Any CPU.ActiveCfg = Debug|Any CPU
		{9C2ADF46-BB5E-4DEE-96AA-4C54E4AF80F6}.Debug|Any CPU.Build.0 = Debug|Any CPU
		{9C2ADF46-BB5E-4DEE-96AA-4C54E4AF80F6}.Release|Any CPU.ActiveCfg = Release|Any CPU
		{9C2ADF46-BB5E-4DEE-96AA-4C54E4AF80F6}.Release|Any CPU.Build.0 = Release|Any CPU
		{BED91016-BE61-4E5F-9892-4D16F64F33C2}.Debug|Any CPU.ActiveCfg = Debug|Any CPU
		{BED91016-BE61-4E5F-9892-4D16F64F33C2}.Debug|Any CPU.Build.0 = Debug|Any CPU
		{BED91016-BE61-4E5F-9892-4D16F64F33C2}.Release|Any CPU.ActiveCfg = Release|Any CPU
		{BED91016-BE61-4E5F-9892-4D16F64F33C2}.Release|Any CPU.Build.0 = Release|Any CPU
		{3B6E289F-3A70-4476-8A96-90D6356E364D}.Debug|Any CPU.ActiveCfg = Debug|Any CPU
		{3B6E289F-3A70-4476-8A96-90D6356E364D}.Debug|Any CPU.Build.0 = Debug|Any CPU
		{3B6E289F-3A70-4476-8A96-90D6356E364D}.Release|Any CPU.ActiveCfg = Release|Any CPU
		{3B6E289F-3A70-4476-8A96-90D6356E364D}.Release|Any CPU.Build.0 = Release|Any CPU
		{A30BD812-CA75-4720-80F6-E9BC6AFF573D}.Debug|Any CPU.ActiveCfg = Debug|Any CPU
		{A30BD812-CA75-4720-80F6-E9BC6AFF573D}.Debug|Any CPU.Build.0 = Debug|Any CPU
		{A30BD812-CA75-4720-80F6-E9BC6AFF573D}.Release|Any CPU.ActiveCfg = Release|Any CPU
		{A30BD812-CA75-4720-80F6-E9BC6AFF573D}.Release|Any CPU.Build.0 = Release|Any CPU
	EndGlobalSection
	GlobalSection(SolutionProperties) = preSolution
		HideSolutionNode = FALSE
	EndGlobalSection
EndGlobal
